
Microsoft Visual Studio Solution File, Format Version 12.00
# Visual Studio Version 17
VisualStudioVersion = 17.4.33110.190
MinimumVisualStudioVersion = 10.0.40219.1
Project("{FAE04EC0-301F-11D3-BF4B-00C04F79EFBC}") = "EGUI-Stage2-Musab", "EGUI-Stage2-Musab.csproj", "{4C728FA0-0BB1-4C26-8E18-7D8C7E00E333}"
EndProject
Global
	GlobalSection(SolutionConfigurationPlatforms) = preSolution
		Debug|Any CPU = Debug|Any CPU
		Release|Any CPU = Release|Any CPU
	EndGlobalSection
	GlobalSection(ProjectConfigurationPlatforms) = postSolution
		{4C728FA0-0BB1-4C26-8E18-7D8C7E00E333}.Debug|Any CPU.ActiveCfg = Debug|Any CPU
		{4C728FA0-0BB1-4C26-8E18-7D8C7E00E333}.Debug|Any CPU.Build.0 = Debug|Any CPU
		{4C728FA0-0BB1-4C26-8E18-7D8C7E00E333}.Release|Any CPU.ActiveCfg = Release|Any CPU
		{4C728FA0-0BB1-4C26-8E18-7D8C7E00E333}.Release|Any CPU.Build.0 = Release|Any CPU
	EndGlobalSection
	GlobalSection(SolutionProperties) = preSolution
		HideSolutionNode = FALSE
	EndGlobalSection
	GlobalSection(ExtensibilityGlobals) = postSolution
		SolutionGuid = {4EE84B77-2E7F-4D2E-B3D7-609FEDFB7D18}
	EndGlobalSection
EndGlobal
